#
# This file is autogenerated by pip-compile with Python 3.13
# by the following command:
#
#    pip-compile --no-index --output-file=requirements.lock --strip-extras pyproject.toml
#
alembic==1.20.0
    # via epub-translator (pyproject.toml)
annotated-doc==0.0.5
    # via fastapi
annotated-types==0.8.0
    # via pydantic
anyio==4.15.1
    # via
    #   httpx
    #   starlette
certifi==2026.7.22
    # via
    #   httpcore
    #   httpx
cffi==2.1.1
    # via cryptography
click==8.5.0
    # via uvicorn
cryptography==50.0.1
    # via epub-translator (pyproject.toml)
ebooklib==0.20
    # via epub-translator (pyproject.toml)
fastapi==0.141.1
    # via epub-translator (pyproject.toml)
greenlet==3.5.5
    # via sqlalchemy
h11==0.16.0
    # via
    #   httpcore
    #   uvicorn
httpcore==1.0.9
    # via httpx
httpx==0.28.1
    # via epub-translator (pyproject.toml)
idna==3.19
    # via
    #   anyio
    #   httpx
lxml==6.1.3
    # via
    #   ebooklib
    #   epub-translator (pyproject.toml)
mako==1.4.1
    # via alembic
markupsafe==3.0.3
    # via mako
psycopg==3.3.5
    # via epub-translator (pyproject.toml)
psycopg-binary==3.3.5
    # via psycopg
pycparser==3.0
    # via cffi
pydantic==2.13.5
    # via
    #   fastapi
    #   pydantic-settings
pydantic-core==2.46.5
    # via pydantic
pydantic-settings==2.15.0
    # via epub-translator (pyproject.toml)
python-dotenv==1.2.3
    # via pydantic-settings
python-multipart==0.0.32
    # via epub-translator (pyproject.toml)
six==1.17.0
    # via ebooklib
sqlalchemy==2.0.52
    # via
    #   alembic
    #   epub-translator (pyproject.toml)
starlette==1.6.0
    # via fastapi
typing-extensions==4.16.0
    # via
    #   alembic
    #   anyio
    #   fastapi
    #   pydantic
    #   pydantic-core
    #   sqlalchemy
    #   typing-inspection
typing-inspection==0.4.4
    # via
    #   fastapi
    #   pydantic
    #   pydantic-settings
uvicorn==0.52.4
    # via epub-translator (pyproject.toml)
